{
  "name": "stagelinq",
  "version": "1.0.0",
  "lockfileVersion": 1,
  "requires": true,
  "dependencies": {
    "@types/assert": {
      "version": "1.5.5",
      "resolved": "https://registry.npmjs.org/@types/assert/-/assert-1.5.5.tgz",
      "integrity": "sha512-myz5KWf6ox66Ou1m0KiLZpitk7W6Vly2LFRx7AXHSLeMUM6bmDIStIBk0xd7I2vXcAQEuhegdpjPuypmP5ui0Q==",
      "dev": true
    },
    "@types/ip": {
      "version": "1.1.0",
      "resolved": "https://registry.npmjs.org/@types/ip/-/ip-1.1.0.tgz",
      "integrity": "sha512-dwNe8gOoF70VdL6WJBwVHtQmAX4RMd62M+mAB9HQFjG1/qiCLM/meRy95Pd14FYBbEDwCq7jgJs89cHpLBu4HQ==",
      "dev": true,
      "requires": {
        "@types/node": "*"
      }
    },
    "@types/minimist": {
      "version": "1.2.2",
      "resolved": "https://registry.npmjs.org/@types/minimist/-/minimist-1.2.2.tgz",
      "integrity": "sha512-jhuKLIRrhvCPLqwPcx6INqmKeiA5EWrsCOPhrlFSrbrmU4ZMPjj5Ul/oLCMDO98XRUIwVm78xICz4EPCektzeQ==",
      "dev": true
    },
    "@types/node": {
      "version": "16.4.0",
      "resolved": "https://registry.npmjs.org/@types/node/-/node-16.4.0.tgz",
      "integrity": "sha512-HrJuE7Mlqcjj+00JqMWpZ3tY8w7EUd+S0U3L1+PQSWiXZbOgyQDvi+ogoUxaHApPJq5diKxYBQwA3iIlNcPqOg==",
      "dev": true
    },
    "ansi-styles": {
      "version": "4.3.0",
      "resolved": "https://registry.npmjs.org/ansi-styles/-/ansi-styles-4.3.0.tgz",
      "integrity": "sha512-zbB9rCJAT1rbjiVDb2hqKFHNYLxgtk8NURxZ3IZwD3F6NtxbXZQCnnSi1Lkx+IDohdPlFp222wVALIheZJQSEg==",
      "dev": true,
      "requires": {
        "color-convert": "^2.0.1"
      }
    },
    "chalk": {
      "version": "4.1.1",
      "resolved": "https://registry.npmjs.org/chalk/-/chalk-4.1.1.tgz",
      "integrity": "sha512-diHzdDKxcU+bAsUboHLPEDQiw0qEe0qd7SYUn3HgcFlWgbDcfLGswOHYeGrHKzG9z6UYf01d9VFMfZxPM1xZSg==",
      "dev": true,
      "requires": {
        "ansi-styles": "^4.1.0",
        "supports-color": "^7.1.0"
      }
    },
    "color-convert": {
      "version": "2.0.1",
      "resolved": "https://registry.npmjs.org/color-convert/-/color-convert-2.0.1.tgz",
      "integrity": "sha512-RRECPsj7iu/xb5oKYcsFHSppFNnsj/52OVTRKb4zP5onXwVF3zVmmToNcOfGC+CRDpfK/U584fMg38ZHCaElKQ==",
      "dev": true,
      "requires": {
        "color-name": "~1.1.4"
      }
    },
    "color-name": {
      "version": "1.1.4",
      "resolved": "https://registry.npmjs.org/color-name/-/color-name-1.1.4.tgz",
      "integrity": "sha512-dOy+3AuW3a2wNbZHIuMZpTcgjGuLU/uBL/ubcZF9OXbDo8ff4O8yVp5Bf0efS8uEoYo5q4Fx7dY9OgQGXgAsQA==",
      "dev": true
    },
    "console-stamp": {
      "version": "3.0.3",
      "resolved": "https://registry.npmjs.org/console-stamp/-/console-stamp-3.0.3.tgz",
      "integrity": "sha512-6ltMcMEVDHb1bqb+qaVfCX7Vf3vEkfZEeKyReG1ny45Rv6YJynCcdv94j7whNVfxj/4/3Ji/QBHY6p4JI51Ucw==",
      "dev": true,
      "requires": {
        "chalk": "^4.1.1",
        "dateformat": "^4.5.1"
      }
    },
    "core-js": {
      "version": "3.15.2",
      "resolved": "https://registry.npmjs.org/core-js/-/core-js-3.15.2.tgz",
      "integrity": "sha512-tKs41J7NJVuaya8DxIOCnl8QuPHx5/ZVbFo1oKgVl1qHFBBrDctzQGtuLjPpRdNTWmKPH6oEvgN/MUID+l485Q==",
      "dev": true
    },
    "dateformat": {
      "version": "4.5.1",
      "resolved": "https://registry.npmjs.org/dateformat/-/dateformat-4.5.1.tgz",
      "integrity": "sha512-OD0TZ+B7yP7ZgpJf5K2DIbj3FZvFvxgFUuaqA/V5zTjAtAAXZ1E8bktHxmAGs4x5b7PflqA9LeQ84Og7wYtF7Q==",
      "dev": true
    },
    "has-flag": {
      "version": "4.0.0",
      "resolved": "https://registry.npmjs.org/has-flag/-/has-flag-4.0.0.tgz",
      "integrity": "sha512-EykJT/Q1KjTWctppgIAgfSO0tKVuZUjhgMr17kqTumMl6Afv3EISleU7qZUzoXDFTAHTDC4NOoG/ZxU3EvlMPQ==",
      "dev": true
    },
    "ip": {
      "version": "1.1.5",
      "resolved": "https://registry.npmjs.org/ip/-/ip-1.1.5.tgz",
      "integrity": "sha1-vd7XARQpCCjAoDnnLvJfWq7ENUo=",
      "dev": true
    },
    "minimist": {
      "version": "1.2.5",
      "resolved": "https://registry.npmjs.org/minimist/-/minimist-1.2.5.tgz",
      "integrity": "sha512-FM9nNUYrRBAELZQT3xeZQ7fmMOBg6nWNmJKTcgsJeaLstP/UODVpGsr5OhXhhXg6f+qtJ8uiZ+PUxkDWcgIXLw==",
      "dev": true
    },
    "promise-duplex": {
      "version": "6.0.0",
      "resolved": "https://registry.npmjs.org/promise-duplex/-/promise-duplex-6.0.0.tgz",
      "integrity": "sha512-ZL7rquzjTFzInDBeWYcsT+qddolNvzigahk6MI6qLSbQvlyRRCJkU3JztgaVunzvkH28smRa2Qu/cY9RXtSkgA==",
      "dev": true,
      "requires": {
        "core-js": "^3.6.5",
        "promise-readable": "^6.0.0",
        "promise-writable": "^6.0.0"
      }
    },
    "promise-readable": {
      "version": "6.0.0",
      "resolved": "https://registry.npmjs.org/promise-readable/-/promise-readable-6.0.0.tgz",
      "integrity": "sha512-5NxtmUswijvX5cAM0zPSy6yiCXH/eKBpiiBq6JfAUrmngMquMbzcBhF2qA+ocs4rYYKdvAfv3cOvZxADLtL1CA==",
      "dev": true,
      "requires": {
        "core-js": "^3.6.5"
      }
    },
    "promise-socket": {
      "version": "7.0.0",
      "resolved": "https://registry.npmjs.org/promise-socket/-/promise-socket-7.0.0.tgz",
      "integrity": "sha512-Oic9BrxmcHOPEnzKp2Js+ehFyvsbd0WxsE5khweCTHuRvdzbXjHUZmSDT6F9TW8SIkAJ0lCzoHjMYnb0WQJPiw==",
      "dev": true,
      "requires": {
        "promise-duplex": "^6.0.0",
        "tslib": "^2.0.1"
      }
    },
    "promise-writable": {
      "version": "6.0.0",
      "resolved": "https://registry.npmjs.org/promise-writable/-/promise-writable-6.0.0.tgz",
      "integrity": "sha512-b81zre/itgJFS7dwWzIdKNVVqvLiUxYRS/wolUB0H1YY/tAaS146XGKa4Q/5wCbsnXLyn0MCeV6f8HHe4iUHLg==",
      "dev": true
    },
    "supports-color": {
      "version": "7.2.0",
      "resolved": "https://registry.npmjs.org/supports-color/-/supports-color-7.2.0.tgz",
      "integrity": "sha512-qpCAvRl9stuOHveKsn7HncJRvv501qIacKzQlO/+Lwxc9+0q2wLyv4Dfvt80/DPn2pqOBsJdDiogXGR9+OvwRw==",
      "dev": true,
      "requires": {
        "has-flag": "^4.0.0"
      }
    },
    "tslib": {
      "version": "2.3.0",
      "resolved": "https://registry.npmjs.org/tslib/-/tslib-2.3.0.tgz",
      "integrity": "sha512-N82ooyxVNm6h1riLCoyS9e3fuJ3AMG2zIZs2Gd1ATcSFjSA23Q0fzjjZeh0jbJvWVDZ0cJT8yaNNaaXHzueNjg==",
      "dev": true
    }
  }
}
